
Microsoft Visual Studio Solution File, Format Version 12.00
# Visual Studio Version 16
VisualStudioVersion = 16.0.31727.386
MinimumVisualStudioVersion = 10.0.40219.1
Project("{9A19103F-16F7-4668-BE54-9A1E7A4F7556}") = "WpfApp1", "WpfApp1\WpfApp1.csproj", "{7D5B7F3A-1132-41EC-A6D1-4C7F6D45694C}"
	ProjectSection(ProjectDependencies) = postProject
		{95E4D824-7722-4375-939A-168703C38D79} = {95E4D824-7722-4375-939A-168703C38D79}
		{45E84BF0-50DF-4889-A8E7-B8AC36B67FFD} = {45E84BF0-50DF-4889-A8E7-B8AC36B67FFD}
	EndProjectSection
EndProject
Project("{8BC9CEB8-8B4A-11D0-8D11-00A0C91BC942}") = "Dll1", "Dll1\Dll1.vcxproj", "{45E84BF0-50DF-4889-A8E7-B8AC36B67FFD}"
EndProject
Project("{9A19103F-16F7-4668-BE54-9A1E7A4F7556}") = "WpfLibrary1", "WpfLibrary1\WpfLibrary1.csproj", "{95E4D824-7722-4375-939A-168703C38D79}"
EndProject
Global
	GlobalSection(SolutionConfigurationPlatforms) = preSolution
		Debug|Any CPU = Debug|Any CPU
		Debug|x64 = Debug|x64
		Debug|x86 = Debug|x86
		Release|Any CPU = Release|Any CPU
		Release|x64 = Release|x64
		Release|x86 = Release|x86
	EndGlobalSection
	GlobalSection(ProjectConfigurationPlatforms) = postSolution
		{7D5B7F3A-1132-41EC-A6D1-4C7F6D45694C}.Debug|Any CPU.ActiveCfg = Debug|Any CPU
		{7D5B7F3A-1132-41EC-A6D1-4C7F6D45694C}.Debug|Any CPU.Build.0 = Debug|Any CPU
		{7D5B7F3A-1132-41EC-A6D1-4C7F6D45694C}.Debug|x64.ActiveCfg = Debug|Any CPU
		{7D5B7F3A-1132-41EC-A6D1-4C7F6D45694C}.Debug|x64.Build.0 = Debug|Any CPU
		{7D5B7F3A-1132-41EC-A6D1-4C7F6D45694C}.Debug|x86.ActiveCfg = Debug|Any CPU
		{7D5B7F3A-1132-41EC-A6D1-4C7F6D45694C}.Debug|x86.Build.0 = Debug|Any CPU
		{7D5B7F3A-1132-41EC-A6D1-4C7F6D45694C}.Release|Any CPU.ActiveCfg = Release|Any CPU
		{7D5B7F3A-1132-41EC-A6D1-4C7F6D45694C}.Release|Any CPU.Build.0 = Release|Any CPU
		{7D5B7F3A-1132-41EC-A6D1-4C7F6D45694C}.Release|x64.ActiveCfg = Release|Any CPU
		{7D5B7F3A-1132-41EC-A6D1-4C7F6D45694C}.Release|x64.Build.0 = Release|Any CPU
		{7D5B7F3A-1132-41EC-A6D1-4C7F6D45694C}.Release|x86.ActiveCfg = Release|Any CPU
		{7D5B7F3A-1132-41EC-A6D1-4C7F6D45694C}.Release|x86.Build.0 = Release|Any CPU
		{45E84BF0-50DF-4889-A8E7-B8AC36B67FFD}.Debug|Any CPU.ActiveCfg = Debug|x64
		{45E84BF0-50DF-4889-A8E7-B8AC36B67FFD}.Debug|Any CPU.Build.0 = Debug|x64
		{45E84BF0-50DF-4889-A8E7-B8AC36B67FFD}.Debug|x64.ActiveCfg = Debug|x64
		{45E84BF0-50DF-4889-A8E7-B8AC36B67FFD}.Debug|x64.Build.0 = Debug|x64
		{45E84BF0-50DF-4889-A8E7-B8AC36B67FFD}.Debug|x86.ActiveCfg = Debug|Win32
		{45E84BF0-50DF-4889-A8E7-B8AC36B67FFD}.Debug|x86.Build.0 = Debug|Win32
		{45E84BF0-50DF-4889-A8E7-B8AC36B67FFD}.Release|Any CPU.ActiveCfg = Release|Win32
		{45E84BF0-50DF-4889-A8E7-B8AC36B67FFD}.Release|x64.ActiveCfg = Release|x64
		{45E84BF0-50DF-4889-A8E7-B8AC36B67FFD}.Release|x64.Build.0 = Release|x64
		{45E84BF0-50DF-4889-A8E7-B8AC36B67FFD}.Release|x86.ActiveCfg = Release|Win32
		{45E84BF0-50DF-4889-A8E7-B8AC36B67FFD}.Release|x86.Build.0 = Release|Win32
		{95E4D824-7722-4375-939A-168703C38D79}.Debug|Any CPU.ActiveCfg = Debug|Any CPU
		{95E4D824-7722-4375-939A-168703C38D79}.Debug|Any CPU.Build.0 = Debug|Any CPU
		{95E4D824-7722-4375-939A-168703C38D79}.Debug|x64.ActiveCfg = Debug|Any CPU
		{95E4D824-7722-4375-939A-168703C38D79}.Debug|x64.Build.0 = Debug|Any CPU
		{95E4D824-7722-4375-939A-168703C38D79}.Debug|x86.ActiveCfg = Debug|Any CPU
		{95E4D824-7722-4375-939A-168703C38D79}.Debug|x86.Build.0 = Debug|Any CPU
		{95E4D824-7722-4375-939A-168703C38D79}.Release|Any CPU.ActiveCfg = Release|Any CPU
		{95E4D824-7722-4375-939A-168703C38D79}.Release|Any CPU.Build.0 = Release|Any CPU
		{95E4D824-7722-4375-939A-168703C38D79}.Release|x64.ActiveCfg = Release|Any CPU
		{95E4D824-7722-4375-939A-168703C38D79}.Release|x64.Build.0 = Release|Any CPU
		{95E4D824-7722-4375-939A-168703C38D79}.Release|x86.ActiveCfg = Release|Any CPU
		{95E4D824-7722-4375-939A-168703C38D79}.Release|x86.Build.0 = Release|Any CPU
	EndGlobalSection
	GlobalSection(SolutionProperties) = preSolution
		HideSolutionNode = FALSE
	EndGlobalSection
	GlobalSection(ExtensibilityGlobals) = postSolution
		SolutionGuid = {9446B559-B722-4F0A-ACFA-C12FF21E96B9}
	EndGlobalSection
EndGlobal
